
Microsoft Visual Studio Solution File, Format Version 12.00
# Visual Studio Version 17
VisualStudioVersion = 17.2.32516.85
MinimumVisualStudioVersion = 10.0.40219.1
Project("{FAE04EC0-301F-11D3-BF4B-00C04F79EFBC}") = "OrderFullfillment", "OrderFullfillment\OrderFullfillment.csproj", "{2D444DC7-11BC-4AA9-9713-87180ACD3EB8}"
EndProject
Project("{FAE04EC0-301F-11D3-BF4B-00C04F79EFBC}") = "OrderFullfillment.Application", "OrderFullfillment.Application\OrderFullfillment.Application.csproj", "{50342010-4DE9-4CEA-9896-5F41D07DCB94}"
EndProject
Project("{FAE04EC0-301F-11D3-BF4B-00C04F79EFBC}") = "OrderFullfillment.Entity", "OrderFullfillment.Entity\OrderFullfillment.Entity.csproj", "{50D62216-4A84-4720-B9A5-8BF01999165D}"
EndProject
Project("{FAE04EC0-301F-11D3-BF4B-00C04F79EFBC}") = "OrderFullfillment.Repository", "OrderFullfillment.Repository\OrderFullfillment.Repository.csproj", "{B7B1320C-C134-42AB-AB31-0E3AEC9665AF}"
EndProject
Global
	GlobalSection(SolutionConfigurationPlatforms) = preSolution
		Debug|Any CPU = Debug|Any CPU
		Release|Any CPU = Release|Any CPU
	EndGlobalSection
	GlobalSection(ProjectConfigurationPlatforms) = postSolution
		{2D444DC7-11BC-4AA9-9713-87180ACD3EB8}.Debug|Any CPU.ActiveCfg = Debug|Any CPU
		{2D444DC7-11BC-4AA9-9713-87180ACD3EB8}.Debug|Any CPU.Build.0 = Debug|Any CPU
		{2D444DC7-11BC-4AA9-9713-87180ACD3EB8}.Release|Any CPU.ActiveCfg = Release|Any CPU
		{2D444DC7-11BC-4AA9-9713-87180ACD3EB8}.Release|Any CPU.Build.0 = Release|Any CPU
		{50342010-4DE9-4CEA-9896-5F41D07DCB94}.Debug|Any CPU.ActiveCfg = Debug|Any CPU
		{50342010-4DE9-4CEA-9896-5F41D07DCB94}.Debug|Any CPU.Build.0 = Debug|Any CPU
		{50342010-4DE9-4CEA-9896-5F41D07DCB94}.Release|Any CPU.ActiveCfg = Release|Any CPU
		{50342010-4DE9-4CEA-9896-5F41D07DCB94}.Release|Any CPU.Build.0 = Release|Any CPU
		{50D62216-4A84-4720-B9A5-8BF01999165D}.Debug|Any CPU.ActiveCfg = Debug|Any CPU
		{50D62216-4A84-4720-B9A5-8BF01999165D}.Debug|Any CPU.Build.0 = Debug|Any CPU
		{50D62216-4A84-4720-B9A5-8BF01999165D}.Release|Any CPU.ActiveCfg = Release|Any CPU
		{50D62216-4A84-4720-B9A5-8BF01999165D}.Release|Any CPU.Build.0 = Release|Any CPU
		{B7B1320C-C134-42AB-AB31-0E3AEC9665AF}.Debug|Any CPU.ActiveCfg = Debug|Any CPU
		{B7B1320C-C134-42AB-AB31-0E3AEC9665AF}.Debug|Any CPU.Build.0 = Debug|Any CPU
		{B7B1320C-C134-42AB-AB31-0E3AEC9665AF}.Release|Any CPU.ActiveCfg = Release|Any CPU
		{B7B1320C-C134-42AB-AB31-0E3AEC9665AF}.Release|Any CPU.Build.0 = Release|Any CPU
	EndGlobalSection
	GlobalSection(SolutionProperties) = preSolution
		HideSolutionNode = FALSE
	EndGlobalSection
	GlobalSection(ExtensibilityGlobals) = postSolution
		SolutionGuid = {E2556128-B941-4C06-945F-7FF4F5175E64}
	EndGlobalSection
EndGlobal
